
Microsoft Visual Studio Solution File, Format Version 12.00
# Visual Studio Version 16
VisualStudioVersion = 16.0.30517.126
MinimumVisualStudioVersion = 10.0.40219.1
Project("{9A19103F-16F7-4668-BE54-9A1E7A4F7556}") = "IdentityServerCenter", "IdentityServerCenter\IdentityServerCenter.csproj", "{267D7FA3-A1C1-4F04-9C63-28D768099161}"
EndProject
Project("{FAE04EC0-301F-11D3-BF4B-00C04F79EFBC}") = "ClientCredentialApi", "ClientCredentialApi\ClientCredentialApi.csproj", "{2AA98180-AC84-42CD-A26D-FAF3BD781BBE}"
EndProject
Global
	GlobalSection(SolutionConfigurationPlatforms) = preSolution
		Debug|Any CPU = Debug|Any CPU
		Release|Any CPU = Release|Any CPU
	EndGlobalSection
	GlobalSection(ProjectConfigurationPlatforms) = postSolution
		{267D7FA3-A1C1-4F04-9C63-28D768099161}.Debug|Any CPU.ActiveCfg = Debug|Any CPU
		{267D7FA3-A1C1-4F04-9C63-28D768099161}.Debug|Any CPU.Build.0 = Debug|Any CPU
		{267D7FA3-A1C1-4F04-9C63-28D768099161}.Release|Any CPU.ActiveCfg = Release|Any CPU
		{267D7FA3-A1C1-4F04-9C63-28D768099161}.Release|Any CPU.Build.0 = Release|Any CPU
		{2AA98180-AC84-42CD-A26D-FAF3BD781BBE}.Debug|Any CPU.ActiveCfg = Debug|Any CPU
		{2AA98180-AC84-42CD-A26D-FAF3BD781BBE}.Debug|Any CPU.Build.0 = Debug|Any CPU
		{2AA98180-AC84-42CD-A26D-FAF3BD781BBE}.Release|Any CPU.ActiveCfg = Release|Any CPU
		{2AA98180-AC84-42CD-A26D-FAF3BD781BBE}.Release|Any CPU.Build.0 = Release|Any CPU
	EndGlobalSection
	GlobalSection(SolutionProperties) = preSolution
		HideSolutionNode = FALSE
	EndGlobalSection
	GlobalSection(ExtensibilityGlobals) = postSolution
		SolutionGuid = {529DF7F5-1532-4B11-80C3-495290E98B5C}
	EndGlobalSection
EndGlobal
